
Microsoft Visual Studio Solution File, Format Version 12.00
# Visual Studio Version 17
VisualStudioVersion = 17.3.32901.215
MinimumVisualStudioVersion = 10.0.40219.1
Project("{FAE04EC0-301F-11D3-BF4B-00C04F79EFBC}") = "EFCore", "EFCore\EFCore.csproj", "{0010772A-66F2-4CEA-A688-4AB1643091E3}"
EndProject
Global
	GlobalSection(SolutionConfigurationPlatforms) = preSolution
		Debug|Any CPU = Debug|Any CPU
		Release|Any CPU = Release|Any CPU
	EndGlobalSection
	GlobalSection(ProjectConfigurationPlatforms) = postSolution
		{0010772A-66F2-4CEA-A688-4AB1643091E3}.Debug|Any CPU.ActiveCfg = Debug|Any CPU
		{0010772A-66F2-4CEA-A688-4AB1643091E3}.Debug|Any CPU.Build.0 = Debug|Any CPU
		{0010772A-66F2-4CEA-A688-4AB1643091E3}.Release|Any CPU.ActiveCfg = Release|Any CPU
		{0010772A-66F2-4CEA-A688-4AB1643091E3}.Release|Any CPU.Build.0 = Release|Any CPU
	EndGlobalSection
	GlobalSection(SolutionProperties) = preSolution
		HideSolutionNode = FALSE
	EndGlobalSection
	GlobalSection(ExtensibilityGlobals) = postSolution
		SolutionGuid = {140B651C-0CFB-409D-8FB0-B872D7552D06}
	EndGlobalSection
EndGlobal
